
Microsoft Visual Studio Solution File, Format Version 12.00
# Visual Studio Version 17
VisualStudioVersion = 17.6.33829.357
MinimumVisualStudioVersion = 10.0.40219.1
Project("{FAE04EC0-301F-11D3-BF4B-00C04F79EFBC}") = "Sistem Point Of Sales", "Sistem Point Of Sales.csproj", "{9AAEDF62-B3D0-42E5-8C07-EFB22E960C3E}"
EndProject
Global
	GlobalSection(SolutionConfigurationPlatforms) = preSolution
		Debug|Any CPU = Debug|Any CPU
		Release|Any CPU = Release|Any CPU
	EndGlobalSection
	GlobalSection(ProjectConfigurationPlatforms) = postSolution
		{9AAEDF62-B3D0-42E5-8C07-EFB22E960C3E}.Debug|Any CPU.ActiveCfg = Debug|Any CPU
		{9AAEDF62-B3D0-42E5-8C07-EFB22E960C3E}.Debug|Any CPU.Build.0 = Debug|Any CPU
		{9AAEDF62-B3D0-42E5-8C07-EFB22E960C3E}.Release|Any CPU.ActiveCfg = Release|Any CPU
		{9AAEDF62-B3D0-42E5-8C07-EFB22E960C3E}.Release|Any CPU.Build.0 = Release|Any CPU
	EndGlobalSection
	GlobalSection(SolutionProperties) = preSolution
		HideSolutionNode = FALSE
	EndGlobalSection
	GlobalSection(ExtensibilityGlobals) = postSolution
		SolutionGuid = {001D59DE-E043-4448-AAEB-707D4851B5A6}
	EndGlobalSection
EndGlobal
